
Microsoft Visual Studio Solution File, Format Version 12.00
# Visual Studio Version 17
VisualStudioVersion = 17.13.35825.156 d17.13
MinimumVisualStudioVersion = 10.0.40219.1
Project("{FAE04EC0-301F-11D3-BF4B-00C04F79EFBC}") = "APICatalogo", "APICatalogo\APICatalogo.csproj", "{7138C266-03B2-41A7-B1B8-DEA4ED9B283A}"
EndProject
Global
	GlobalSection(SolutionConfigurationPlatforms) = preSolution
		Debug|Any CPU = Debug|Any CPU
		Release|Any CPU = Release|Any CPU
	EndGlobalSection
	GlobalSection(ProjectConfigurationPlatforms) = postSolution
		{7138C266-03B2-41A7-B1B8-DEA4ED9B283A}.Debug|Any CPU.ActiveCfg = Debug|Any CPU
		{7138C266-03B2-41A7-B1B8-DEA4ED9B283A}.Debug|Any CPU.Build.0 = Debug|Any CPU
		{7138C266-03B2-41A7-B1B8-DEA4ED9B283A}.Release|Any CPU.ActiveCfg = Release|Any CPU
		{7138C266-03B2-41A7-B1B8-DEA4ED9B283A}.Release|Any CPU.Build.0 = Release|Any CPU
	EndGlobalSection
	GlobalSection(SolutionProperties) = preSolution
		HideSolutionNode = FALSE
	EndGlobalSection
	GlobalSection(ExtensibilityGlobals) = postSolution
		SolutionGuid = {4FC4B32E-9C5F-4B7A-B937-478584435D81}
	EndGlobalSection
EndGlobal
